
Microsoft Visual Studio Solution File, Format Version 12.00
# Visual Studio Version 17
VisualStudioVersion = 17.0.31903.59
MinimumVisualStudioVersion = 10.0.40219.1
Project("{2150E333-8FDC-42A3-9474-1A3956D46DE8}") = "src", "src", "{B6305466-195B-4819-84ED-FFA2FEC1A8C1}"
EndProject
Project("{FAE04EC0-301F-11D3-BF4B-00C04F79EFBC}") = "AuctionService", "src\AuctionService\AuctionService.csproj", "{1D534E6E-CDDE-4A5A-A3D3-CCBF2A3401E8}"
EndProject
Project("{FAE04EC0-301F-11D3-BF4B-00C04F79EFBC}") = "SearchService", "src\SearchService\SearchService.csproj", "{E8A46ED6-46EC-4579-9496-DFFD2C230F95}"
EndProject
Project("{FAE04EC0-301F-11D3-BF4B-00C04F79EFBC}") = "Contracts", "src\Contracts\Contracts.csproj", "{29109627-7356-4F84-A1F6-345A4A6B8294}"
EndProject
Project("{FAE04EC0-301F-11D3-BF4B-00C04F79EFBC}") = "IdentityService", "src\IdentityService\IdentityService.csproj", "{21665BFE-24BB-4C3C-8724-BA402F309706}"
EndProject
Project("{FAE04EC0-301F-11D3-BF4B-00C04F79EFBC}") = "GatewayService", "src\GatewayService\GatewayService.csproj", "{490CA3E2-C266-4FDB-A300-4E5050C7556F}"
EndProject
Project("{2150E333-8FDC-42A3-9474-1A3956D46DE8}") = "tests", "tests", "{27937795-AAA5-4558-B63B-00779EE6203F}"
EndProject
Project("{FAE04EC0-301F-11D3-BF4B-00C04F79EFBC}") = "AuctionService.UnitTests", "tests\AuctionService.UnitTests\AuctionService.UnitTests.csproj", "{D91C1D98-3E35-49F8-A205-8D658D4C9990}"
EndProject
Project("{FAE04EC0-301F-11D3-BF4B-00C04F79EFBC}") = "AuctionService.IntegrationTests", "tests\AuctionService.IntegrationTests\AuctionService.IntegrationTests.csproj", "{0F29F7C5-0524-440F-AF18-EF5B004B8942}"
EndProject
Global
	GlobalSection(SolutionConfigurationPlatforms) = preSolution
		Debug|Any CPU = Debug|Any CPU
		Release|Any CPU = Release|Any CPU
	EndGlobalSection
	GlobalSection(SolutionProperties) = preSolution
		HideSolutionNode = FALSE
	EndGlobalSection
	GlobalSection(ProjectConfigurationPlatforms) = postSolution
		{1D534E6E-CDDE-4A5A-A3D3-CCBF2A3401E8}.Debug|Any CPU.ActiveCfg = Debug|Any CPU
		{1D534E6E-CDDE-4A5A-A3D3-CCBF2A3401E8}.Debug|Any CPU.Build.0 = Debug|Any CPU
		{1D534E6E-CDDE-4A5A-A3D3-CCBF2A3401E8}.Release|Any CPU.ActiveCfg = Release|Any CPU
		{1D534E6E-CDDE-4A5A-A3D3-CCBF2A3401E8}.Release|Any CPU.Build.0 = Release|Any CPU
		{E8A46ED6-46EC-4579-9496-DFFD2C230F95}.Debug|Any CPU.ActiveCfg = Debug|Any CPU
		{E8A46ED6-46EC-4579-9496-DFFD2C230F95}.Debug|Any CPU.Build.0 = Debug|Any CPU
		{E8A46ED6-46EC-4579-9496-DFFD2C230F95}.Release|Any CPU.ActiveCfg = Release|Any CPU
		{E8A46ED6-46EC-4579-9496-DFFD2C230F95}.Release|Any CPU.Build.0 = Release|Any CPU
		{29109627-7356-4F84-A1F6-345A4A6B8294}.Debug|Any CPU.ActiveCfg = Debug|Any CPU
		{29109627-7356-4F84-A1F6-345A4A6B8294}.Debug|Any CPU.Build.0 = Debug|Any CPU
		{29109627-7356-4F84-A1F6-345A4A6B8294}.Release|Any CPU.ActiveCfg = Release|Any CPU
		{29109627-7356-4F84-A1F6-345A4A6B8294}.Release|Any CPU.Build.0 = Release|Any CPU
		{21665BFE-24BB-4C3C-8724-BA402F309706}.Debug|Any CPU.ActiveCfg = Debug|Any CPU
		{21665BFE-24BB-4C3C-8724-BA402F309706}.Debug|Any CPU.Build.0 = Debug|Any CPU
		{21665BFE-24BB-4C3C-8724-BA402F309706}.Release|Any CPU.ActiveCfg = Release|Any CPU
		{21665BFE-24BB-4C3C-8724-BA402F309706}.Release|Any CPU.Build.0 = Release|Any CPU
		{490CA3E2-C266-4FDB-A300-4E5050C7556F}.Debug|Any CPU.ActiveCfg = Debug|Any CPU
		{490CA3E2-C266-4FDB-A300-4E5050C7556F}.Debug|Any CPU.Build.0 = Debug|Any CPU
		{490CA3E2-C266-4FDB-A300-4E5050C7556F}.Release|Any CPU.ActiveCfg = Release|Any CPU
		{490CA3E2-C266-4FDB-A300-4E5050C7556F}.Release|Any CPU.Build.0 = Release|Any CPU
		{D91C1D98-3E35-49F8-A205-8D658D4C9990}.Debug|Any CPU.ActiveCfg = Debug|Any CPU
		{D91C1D98-3E35-49F8-A205-8D658D4C9990}.Debug|Any CPU.Build.0 = Debug|Any CPU
		{D91C1D98-3E35-49F8-A205-8D658D4C9990}.Release|Any CPU.ActiveCfg = Release|Any CPU
		{D91C1D98-3E35-49F8-A205-8D658D4C9990}.Release|Any CPU.Build.0 = Release|Any CPU
		{0F29F7C5-0524-440F-AF18-EF5B004B8942}.Debug|Any CPU.ActiveCfg = Debug|Any CPU
		{0F29F7C5-0524-440F-AF18-EF5B004B8942}.Debug|Any CPU.Build.0 = Debug|Any CPU
		{0F29F7C5-0524-440F-AF18-EF5B004B8942}.Release|Any CPU.ActiveCfg = Release|Any CPU
		{0F29F7C5-0524-440F-AF18-EF5B004B8942}.Release|Any CPU.Build.0 = Release|Any CPU
	EndGlobalSection
	GlobalSection(NestedProjects) = preSolution
		{1D534E6E-CDDE-4A5A-A3D3-CCBF2A3401E8} = {B6305466-195B-4819-84ED-FFA2FEC1A8C1}
		{E8A46ED6-46EC-4579-9496-DFFD2C230F95} = {B6305466-195B-4819-84ED-FFA2FEC1A8C1}
		{29109627-7356-4F84-A1F6-345A4A6B8294} = {B6305466-195B-4819-84ED-FFA2FEC1A8C1}
		{21665BFE-24BB-4C3C-8724-BA402F309706} = {B6305466-195B-4819-84ED-FFA2FEC1A8C1}
		{490CA3E2-C266-4FDB-A300-4E5050C7556F} = {B6305466-195B-4819-84ED-FFA2FEC1A8C1}
		{D91C1D98-3E35-49F8-A205-8D658D4C9990} = {27937795-AAA5-4558-B63B-00779EE6203F}
		{0F29F7C5-0524-440F-AF18-EF5B004B8942} = {27937795-AAA5-4558-B63B-00779EE6203F}
	EndGlobalSection
EndGlobal
